
Microsoft Visual Studio Solution File, Format Version 12.00
# Visual Studio 15
VisualStudioVersion = 15.0.28307.645
MinimumVisualStudioVersion = 10.0.40219.1
Project("{FAE04EC0-301F-11D3-BF4B-00C04F79EFBC}") = "openalpr", "openalpr\openalpr.csproj", "{D8438D2B-F21C-40AA-9260-90F16AC9325B}"
EndProject
Global
	GlobalSection(SolutionConfigurationPlatforms) = preSolution
		Debug|Any CPU = Debug|Any CPU
		Release|Any CPU = Release|Any CPU
	EndGlobalSection
	GlobalSection(ProjectConfigurationPlatforms) = postSolution
		{D8438D2B-F21C-40AA-9260-90F16AC9325B}.Debug|Any CPU.ActiveCfg = Debug|Any CPU
		{D8438D2B-F21C-40AA-9260-90F16AC9325B}.Debug|Any CPU.Build.0 = Debug|Any CPU
		{D8438D2B-F21C-40AA-9260-90F16AC9325B}.Release|Any CPU.ActiveCfg = Release|Any CPU
		{D8438D2B-F21C-40AA-9260-90F16AC9325B}.Release|Any CPU.Build.0 = Release|Any CPU
	EndGlobalSection
	GlobalSection(SolutionProperties) = preSolution
		HideSolutionNode = FALSE
	EndGlobalSection
	GlobalSection(ExtensibilityGlobals) = postSolution
		SolutionGuid = {58F35DB6-2BBF-4EFB-922D-3538845A4A74}
	EndGlobalSection
EndGlobal
